
Microsoft Visual Studio Solution File, Format Version 12.00
# Visual Studio Version 16
VisualStudioVersion = 16.0.30503.244
MinimumVisualStudioVersion = 10.0.40219.1
Project("{FAE04EC0-301F-11D3-BF4B-00C04F79EFBC}") = "InterfacePolymorphysmeLabs", "InterfacePolymorphysmeLabs\InterfacePolymorphysmeLabs.csproj", "{0B4A06BC-1ABF-46F5-9E1A-C2BF353FAE2E}"
EndProject
Global
	GlobalSection(SolutionConfigurationPlatforms) = preSolution
		Debug|Any CPU = Debug|Any CPU
		Release|Any CPU = Release|Any CPU
	EndGlobalSection
	GlobalSection(ProjectConfigurationPlatforms) = postSolution
		{0B4A06BC-1ABF-46F5-9E1A-C2BF353FAE2E}.Debug|Any CPU.ActiveCfg = Debug|Any CPU
		{0B4A06BC-1ABF-46F5-9E1A-C2BF353FAE2E}.Debug|Any CPU.Build.0 = Debug|Any CPU
		{0B4A06BC-1ABF-46F5-9E1A-C2BF353FAE2E}.Release|Any CPU.ActiveCfg = Release|Any CPU
		{0B4A06BC-1ABF-46F5-9E1A-C2BF353FAE2E}.Release|Any CPU.Build.0 = Release|Any CPU
	EndGlobalSection
	GlobalSection(SolutionProperties) = preSolution
		HideSolutionNode = FALSE
	EndGlobalSection
	GlobalSection(ExtensibilityGlobals) = postSolution
		SolutionGuid = {63066174-65D7-4535-90C8-D9B92DCE3A2A}
	EndGlobalSection
EndGlobal
