
Microsoft Visual Studio Solution File, Format Version 12.00
# Visual Studio 15
VisualStudioVersion = 15.0.27428.2037
MinimumVisualStudioVersion = 10.0.40219.1
Project("{FAE04EC0-301F-11D3-BF4B-00C04F79EFBC}") = "LinqLabs", "LinqLabs\LinqLabs.csproj", "{5E20096A-60D8-43F7-81E5-763D9FA3B327}"
EndProject
Global
	GlobalSection(SolutionConfigurationPlatforms) = preSolution
		Debug|Any CPU = Debug|Any CPU
		Release|Any CPU = Release|Any CPU
	EndGlobalSection
	GlobalSection(ProjectConfigurationPlatforms) = postSolution
		{5E20096A-60D8-43F7-81E5-763D9FA3B327}.Debug|Any CPU.ActiveCfg = Debug|Any CPU
		{5E20096A-60D8-43F7-81E5-763D9FA3B327}.Debug|Any CPU.Build.0 = Debug|Any CPU
		{5E20096A-60D8-43F7-81E5-763D9FA3B327}.Release|Any CPU.ActiveCfg = Release|Any CPU
		{5E20096A-60D8-43F7-81E5-763D9FA3B327}.Release|Any CPU.Build.0 = Release|Any CPU
	EndGlobalSection
	GlobalSection(SolutionProperties) = preSolution
		HideSolutionNode = FALSE
	EndGlobalSection
	GlobalSection(ExtensibilityGlobals) = postSolution
		SolutionGuid = {AAC5674A-527E-4182-9086-44CE6C5D22E8}
	EndGlobalSection
EndGlobal
